
Microsoft Visual Studio Solution File, Format Version 12.00
# Visual Studio 15
Project("{FAE04EC0-301F-11D3-BF4B-00C04F79EFBC}") = "Assembly-CSharp", "Assembly-CSharp.csproj", "{C63D4D26-53E6-61AA-43AA-4B8C038C3BA9}"
EndProject
Project("{FAE04EC0-301F-11D3-BF4B-00C04F79EFBC}") = "Assembly-CSharp-Editor", "Assembly-CSharp-Editor.csproj", "{89C0A5B7-7051-47B9-6374-0A10AE2D182E}"
EndProject
Global
	GlobalSection(SolutionConfigurationPlatforms) = preSolution
		Debug|Any CPU = Debug|Any CPU
		Release|Any CPU = Release|Any CPU
	EndGlobalSection
	GlobalSection(ProjectConfigurationPlatforms) = postSolution
		{C63D4D26-53E6-61AA-43AA-4B8C038C3BA9}.Debug|Any CPU.ActiveCfg = Debug|Any CPU
		{C63D4D26-53E6-61AA-43AA-4B8C038C3BA9}.Debug|Any CPU.Build.0 = Debug|Any CPU
		{C63D4D26-53E6-61AA-43AA-4B8C038C3BA9}.Release|Any CPU.ActiveCfg = Release|Any CPU
		{C63D4D26-53E6-61AA-43AA-4B8C038C3BA9}.Release|Any CPU.Build.0 = Release|Any CPU
		{89C0A5B7-7051-47B9-6374-0A10AE2D182E}.Debug|Any CPU.ActiveCfg = Debug|Any CPU
		{89C0A5B7-7051-47B9-6374-0A10AE2D182E}.Debug|Any CPU.Build.0 = Debug|Any CPU
		{89C0A5B7-7051-47B9-6374-0A10AE2D182E}.Release|Any CPU.ActiveCfg = Release|Any CPU
		{89C0A5B7-7051-47B9-6374-0A10AE2D182E}.Release|Any CPU.Build.0 = Release|Any CPU
	EndGlobalSection
	GlobalSection(SolutionProperties) = preSolution
		HideSolutionNode = FALSE
	EndGlobalSection
EndGlobal
